
Microsoft Visual Studio Solution File, Format Version 12.00
# Visual Studio Version 17
VisualStudioVersion = 17.3.32819.101
MinimumVisualStudioVersion = 10.0.40219.1
Project("{FAE04EC0-301F-11D3-BF4B-00C04F79EFBC}") = "HelloMyCSharp10", "HelloMyCSharp10\HelloMyCSharp10.csproj", "{430FA37A-A4C0-4C0B-8619-DD7BE8966702}"
EndProject
Project("{FAE04EC0-301F-11D3-BF4B-00C04F79EFBC}") = "HelloMyCSharp10_01", "HelloMyCSharp10_01\HelloMyCSharp10_01.csproj", "{30749D73-F369-4B91-8AD8-601AE8B11276}"
EndProject
Project("{FAE04EC0-301F-11D3-BF4B-00C04F79EFBC}") = "HelloMyCSharp10_02", "HelloMyCSharp10_02\HelloMyCSharp10_02.csproj", "{1F1EBD85-EBD8-4A9A-8B93-EECEE8F89F30}"
EndProject
Project("{FAE04EC0-301F-11D3-BF4B-00C04F79EFBC}") = "HelloMyCSharp10_03", "HelloMyCSharp10_03\HelloMyCSharp10_03.csproj", "{68C05BE5-E0F1-472A-B137-BBC7CF0DE22A}"
EndProject
Project("{FAE04EC0-301F-11D3-BF4B-00C04F79EFBC}") = "HelloMyCSharp10_04", "HelloMyCSarp10_04\HelloMyCSharp10_04.csproj", "{462A1942-616D-498A-B53D-C50BB62F9623}"
EndProject
Global
	GlobalSection(SolutionConfigurationPlatforms) = preSolution
		Debug|Any CPU = Debug|Any CPU
		Release|Any CPU = Release|Any CPU
	EndGlobalSection
	GlobalSection(ProjectConfigurationPlatforms) = postSolution
		{430FA37A-A4C0-4C0B-8619-DD7BE8966702}.Debug|Any CPU.ActiveCfg = Debug|Any CPU
		{430FA37A-A4C0-4C0B-8619-DD7BE8966702}.Debug|Any CPU.Build.0 = Debug|Any CPU
		{430FA37A-A4C0-4C0B-8619-DD7BE8966702}.Release|Any CPU.ActiveCfg = Release|Any CPU
		{430FA37A-A4C0-4C0B-8619-DD7BE8966702}.Release|Any CPU.Build.0 = Release|Any CPU
		{30749D73-F369-4B91-8AD8-601AE8B11276}.Debug|Any CPU.ActiveCfg = Debug|Any CPU
		{30749D73-F369-4B91-8AD8-601AE8B11276}.Debug|Any CPU.Build.0 = Debug|Any CPU
		{30749D73-F369-4B91-8AD8-601AE8B11276}.Release|Any CPU.ActiveCfg = Release|Any CPU
		{30749D73-F369-4B91-8AD8-601AE8B11276}.Release|Any CPU.Build.0 = Release|Any CPU
		{1F1EBD85-EBD8-4A9A-8B93-EECEE8F89F30}.Debug|Any CPU.ActiveCfg = Debug|Any CPU
		{1F1EBD85-EBD8-4A9A-8B93-EECEE8F89F30}.Debug|Any CPU.Build.0 = Debug|Any CPU
		{1F1EBD85-EBD8-4A9A-8B93-EECEE8F89F30}.Release|Any CPU.ActiveCfg = Release|Any CPU
		{1F1EBD85-EBD8-4A9A-8B93-EECEE8F89F30}.Release|Any CPU.Build.0 = Release|Any CPU
		{68C05BE5-E0F1-472A-B137-BBC7CF0DE22A}.Debug|Any CPU.ActiveCfg = Debug|Any CPU
		{68C05BE5-E0F1-472A-B137-BBC7CF0DE22A}.Debug|Any CPU.Build.0 = Debug|Any CPU
		{68C05BE5-E0F1-472A-B137-BBC7CF0DE22A}.Release|Any CPU.ActiveCfg = Release|Any CPU
		{68C05BE5-E0F1-472A-B137-BBC7CF0DE22A}.Release|Any CPU.Build.0 = Release|Any CPU
		{462A1942-616D-498A-B53D-C50BB62F9623}.Debug|Any CPU.ActiveCfg = Debug|Any CPU
		{462A1942-616D-498A-B53D-C50BB62F9623}.Debug|Any CPU.Build.0 = Debug|Any CPU
		{462A1942-616D-498A-B53D-C50BB62F9623}.Release|Any CPU.ActiveCfg = Release|Any CPU
		{462A1942-616D-498A-B53D-C50BB62F9623}.Release|Any CPU.Build.0 = Release|Any CPU
	EndGlobalSection
	GlobalSection(SolutionProperties) = preSolution
		HideSolutionNode = FALSE
	EndGlobalSection
	GlobalSection(ExtensibilityGlobals) = postSolution
		SolutionGuid = {B4DA07D8-5ED2-46F7-82AF-EB02FB555F17}
	EndGlobalSection
EndGlobal
