
Microsoft Visual Studio Solution File, Format Version 12.00
# Visual Studio Version 17
VisualStudioVersion = 17.2.32616.157
MinimumVisualStudioVersion = 10.0.40219.1
Project("{FAE04EC0-301F-11D3-BF4B-00C04F79EFBC}") = "HelloCSharp01", "HelloCSharp01\HelloCSharp01.csproj", "{4A12CC8F-B82D-4D49-9FFA-69865C7A753D}"
EndProject
Global
	GlobalSection(SolutionConfigurationPlatforms) = preSolution
		Debug|Any CPU = Debug|Any CPU
		Release|Any CPU = Release|Any CPU
	EndGlobalSection
	GlobalSection(ProjectConfigurationPlatforms) = postSolution
		{4A12CC8F-B82D-4D49-9FFA-69865C7A753D}.Debug|Any CPU.ActiveCfg = Debug|Any CPU
		{4A12CC8F-B82D-4D49-9FFA-69865C7A753D}.Debug|Any CPU.Build.0 = Debug|Any CPU
		{4A12CC8F-B82D-4D49-9FFA-69865C7A753D}.Release|Any CPU.ActiveCfg = Release|Any CPU
		{4A12CC8F-B82D-4D49-9FFA-69865C7A753D}.Release|Any CPU.Build.0 = Release|Any CPU
	EndGlobalSection
	GlobalSection(SolutionProperties) = preSolution
		HideSolutionNode = FALSE
	EndGlobalSection
	GlobalSection(ExtensibilityGlobals) = postSolution
		SolutionGuid = {29AFF7DF-5F50-41EA-815E-695B61EC7C8E}
	EndGlobalSection
EndGlobal
