
Microsoft Visual Studio Solution File, Format Version 12.00
# Visual Studio Version 17
VisualStudioVersion = 17.3.32819.101
MinimumVisualStudioVersion = 10.0.40219.1
Project("{FAE04EC0-301F-11D3-BF4B-00C04F79EFBC}") = "HelloMyCSharp05", "HelloMyCSharp05\HelloMyCSharp05.csproj", "{CED4D85B-A033-4062-9716-382B0F9D69D3}"
EndProject
Project("{FAE04EC0-301F-11D3-BF4B-00C04F79EFBC}") = "HelloMyCSharp05_01", "HelloMyCSharp05_01\HelloMyCSharp05_01.csproj", "{C8BCA3F6-362B-4EA1-9E2B-587F15712314}"
EndProject
Project("{FAE04EC0-301F-11D3-BF4B-00C04F79EFBC}") = "HelloMyCSharp05_02", "HelloMyCSharp05_02\HelloMyCSharp05_02.csproj", "{D592B3F0-8673-4FE4-8B9F-619A2E7ACA1F}"
EndProject
Project("{FAE04EC0-301F-11D3-BF4B-00C04F79EFBC}") = "Lotto", "Lotto\Lotto.csproj", "{3C329E6F-F939-49A4-AD57-FBC6066E2FA5}"
EndProject
Global
	GlobalSection(SolutionConfigurationPlatforms) = preSolution
		Debug|Any CPU = Debug|Any CPU
		Release|Any CPU = Release|Any CPU
	EndGlobalSection
	GlobalSection(ProjectConfigurationPlatforms) = postSolution
		{CED4D85B-A033-4062-9716-382B0F9D69D3}.Debug|Any CPU.ActiveCfg = Debug|Any CPU
		{CED4D85B-A033-4062-9716-382B0F9D69D3}.Debug|Any CPU.Build.0 = Debug|Any CPU
		{CED4D85B-A033-4062-9716-382B0F9D69D3}.Release|Any CPU.ActiveCfg = Release|Any CPU
		{CED4D85B-A033-4062-9716-382B0F9D69D3}.Release|Any CPU.Build.0 = Release|Any CPU
		{C8BCA3F6-362B-4EA1-9E2B-587F15712314}.Debug|Any CPU.ActiveCfg = Debug|Any CPU
		{C8BCA3F6-362B-4EA1-9E2B-587F15712314}.Debug|Any CPU.Build.0 = Debug|Any CPU
		{C8BCA3F6-362B-4EA1-9E2B-587F15712314}.Release|Any CPU.ActiveCfg = Release|Any CPU
		{C8BCA3F6-362B-4EA1-9E2B-587F15712314}.Release|Any CPU.Build.0 = Release|Any CPU
		{D592B3F0-8673-4FE4-8B9F-619A2E7ACA1F}.Debug|Any CPU.ActiveCfg = Debug|Any CPU
		{D592B3F0-8673-4FE4-8B9F-619A2E7ACA1F}.Debug|Any CPU.Build.0 = Debug|Any CPU
		{D592B3F0-8673-4FE4-8B9F-619A2E7ACA1F}.Release|Any CPU.ActiveCfg = Release|Any CPU
		{D592B3F0-8673-4FE4-8B9F-619A2E7ACA1F}.Release|Any CPU.Build.0 = Release|Any CPU
		{3C329E6F-F939-49A4-AD57-FBC6066E2FA5}.Debug|Any CPU.ActiveCfg = Debug|Any CPU
		{3C329E6F-F939-49A4-AD57-FBC6066E2FA5}.Debug|Any CPU.Build.0 = Debug|Any CPU
		{3C329E6F-F939-49A4-AD57-FBC6066E2FA5}.Release|Any CPU.ActiveCfg = Release|Any CPU
		{3C329E6F-F939-49A4-AD57-FBC6066E2FA5}.Release|Any CPU.Build.0 = Release|Any CPU
	EndGlobalSection
	GlobalSection(SolutionProperties) = preSolution
		HideSolutionNode = FALSE
	EndGlobalSection
	GlobalSection(ExtensibilityGlobals) = postSolution
		SolutionGuid = {D36A7CE0-DD32-48FE-AE1C-0BF9C2C9DD18}
	EndGlobalSection
EndGlobal
