
Microsoft Visual Studio Solution File, Format Version 12.00
# Visual Studio Version 17
VisualStudioVersion = 17.3.32819.101
MinimumVisualStudioVersion = 10.0.40219.1
Project("{FAE04EC0-301F-11D3-BF4B-00C04F79EFBC}") = "HelloMyCSharp08", "HelloMyCSharp08\HelloMyCSharp08.csproj", "{88104E71-A8E1-4ABC-BB42-7E1B0402EC2C}"
EndProject
Project("{FAE04EC0-301F-11D3-BF4B-00C04F79EFBC}") = "HelloMyCSharp08_01", "HelloMyCSharp08_01\HelloMyCSharp08_01.csproj", "{0E9A8485-D41F-404A-8C52-537E707C8FCC}"
EndProject
Project("{FAE04EC0-301F-11D3-BF4B-00C04F79EFBC}") = "HelloMyCSharp08_02", "HelloMyCSharp08_02\HelloMyCSharp08_02.csproj", "{A1C3F357-875A-472C-A033-7B94FB50CAA9}"
EndProject
Project("{FAE04EC0-301F-11D3-BF4B-00C04F79EFBC}") = "HelloMyCSharp08_03", "HelloMyCSharp08_03\HelloMyCSharp08_03.csproj", "{182F0BD8-4506-45ED-9885-CD24719132C3}"
EndProject
Project("{FAE04EC0-301F-11D3-BF4B-00C04F79EFBC}") = "HelloMyCSharp08_04", "HelloMyCSharp08_04\HelloMyCSharp08_04.csproj", "{CFEE8F6F-841F-4CAC-9974-E3533862A831}"
EndProject
Global
	GlobalSection(SolutionConfigurationPlatforms) = preSolution
		Debug|Any CPU = Debug|Any CPU
		Release|Any CPU = Release|Any CPU
	EndGlobalSection
	GlobalSection(ProjectConfigurationPlatforms) = postSolution
		{88104E71-A8E1-4ABC-BB42-7E1B0402EC2C}.Debug|Any CPU.ActiveCfg = Debug|Any CPU
		{88104E71-A8E1-4ABC-BB42-7E1B0402EC2C}.Debug|Any CPU.Build.0 = Debug|Any CPU
		{88104E71-A8E1-4ABC-BB42-7E1B0402EC2C}.Release|Any CPU.ActiveCfg = Release|Any CPU
		{88104E71-A8E1-4ABC-BB42-7E1B0402EC2C}.Release|Any CPU.Build.0 = Release|Any CPU
		{0E9A8485-D41F-404A-8C52-537E707C8FCC}.Debug|Any CPU.ActiveCfg = Debug|Any CPU
		{0E9A8485-D41F-404A-8C52-537E707C8FCC}.Debug|Any CPU.Build.0 = Debug|Any CPU
		{0E9A8485-D41F-404A-8C52-537E707C8FCC}.Release|Any CPU.ActiveCfg = Release|Any CPU
		{0E9A8485-D41F-404A-8C52-537E707C8FCC}.Release|Any CPU.Build.0 = Release|Any CPU
		{A1C3F357-875A-472C-A033-7B94FB50CAA9}.Debug|Any CPU.ActiveCfg = Debug|Any CPU
		{A1C3F357-875A-472C-A033-7B94FB50CAA9}.Debug|Any CPU.Build.0 = Debug|Any CPU
		{A1C3F357-875A-472C-A033-7B94FB50CAA9}.Release|Any CPU.ActiveCfg = Release|Any CPU
		{A1C3F357-875A-472C-A033-7B94FB50CAA9}.Release|Any CPU.Build.0 = Release|Any CPU
		{182F0BD8-4506-45ED-9885-CD24719132C3}.Debug|Any CPU.ActiveCfg = Debug|Any CPU
		{182F0BD8-4506-45ED-9885-CD24719132C3}.Debug|Any CPU.Build.0 = Debug|Any CPU
		{182F0BD8-4506-45ED-9885-CD24719132C3}.Release|Any CPU.ActiveCfg = Release|Any CPU
		{182F0BD8-4506-45ED-9885-CD24719132C3}.Release|Any CPU.Build.0 = Release|Any CPU
		{CFEE8F6F-841F-4CAC-9974-E3533862A831}.Debug|Any CPU.ActiveCfg = Debug|Any CPU
		{CFEE8F6F-841F-4CAC-9974-E3533862A831}.Debug|Any CPU.Build.0 = Debug|Any CPU
		{CFEE8F6F-841F-4CAC-9974-E3533862A831}.Release|Any CPU.ActiveCfg = Release|Any CPU
		{CFEE8F6F-841F-4CAC-9974-E3533862A831}.Release|Any CPU.Build.0 = Release|Any CPU
	EndGlobalSection
	GlobalSection(SolutionProperties) = preSolution
		HideSolutionNode = FALSE
	EndGlobalSection
	GlobalSection(ExtensibilityGlobals) = postSolution
		SolutionGuid = {79696B0A-425D-4F4F-B9DA-422D1DA49623}
	EndGlobalSection
EndGlobal
