
Microsoft Visual Studio Solution File, Format Version 12.00
# Visual Studio Version 17
VisualStudioVersion = 17.3.32819.101
MinimumVisualStudioVersion = 10.0.40219.1
Project("{FAE04EC0-301F-11D3-BF4B-00C04F79EFBC}") = "HelloMyCSharp07", "HelloMyCSharp07\HelloMyCSharp07.csproj", "{06E499AA-FEF4-49A1-8758-2EC3E1B2C47B}"
EndProject
Project("{FAE04EC0-301F-11D3-BF4B-00C04F79EFBC}") = "HelloMyCSharp07_02", "HelloMyCSharp07_02\HelloMyCSharp07_02.csproj", "{57678F75-21AB-4679-B0DC-1CAEAB475852}"
EndProject
Project("{FAE04EC0-301F-11D3-BF4B-00C04F79EFBC}") = "HelloMyCSharp07_03", "HelloMyCSharp07_03\HelloMyCSharp07_03.csproj", "{DC302F2E-C97E-4E80-820D-509E0C283389}"
EndProject
Global
	GlobalSection(SolutionConfigurationPlatforms) = preSolution
		Debug|Any CPU = Debug|Any CPU
		Release|Any CPU = Release|Any CPU
	EndGlobalSection
	GlobalSection(ProjectConfigurationPlatforms) = postSolution
		{06E499AA-FEF4-49A1-8758-2EC3E1B2C47B}.Debug|Any CPU.ActiveCfg = Debug|Any CPU
		{06E499AA-FEF4-49A1-8758-2EC3E1B2C47B}.Debug|Any CPU.Build.0 = Debug|Any CPU
		{06E499AA-FEF4-49A1-8758-2EC3E1B2C47B}.Release|Any CPU.ActiveCfg = Release|Any CPU
		{06E499AA-FEF4-49A1-8758-2EC3E1B2C47B}.Release|Any CPU.Build.0 = Release|Any CPU
		{57678F75-21AB-4679-B0DC-1CAEAB475852}.Debug|Any CPU.ActiveCfg = Debug|Any CPU
		{57678F75-21AB-4679-B0DC-1CAEAB475852}.Debug|Any CPU.Build.0 = Debug|Any CPU
		{57678F75-21AB-4679-B0DC-1CAEAB475852}.Release|Any CPU.ActiveCfg = Release|Any CPU
		{57678F75-21AB-4679-B0DC-1CAEAB475852}.Release|Any CPU.Build.0 = Release|Any CPU
		{DC302F2E-C97E-4E80-820D-509E0C283389}.Debug|Any CPU.ActiveCfg = Debug|Any CPU
		{DC302F2E-C97E-4E80-820D-509E0C283389}.Debug|Any CPU.Build.0 = Debug|Any CPU
		{DC302F2E-C97E-4E80-820D-509E0C283389}.Release|Any CPU.ActiveCfg = Release|Any CPU
		{DC302F2E-C97E-4E80-820D-509E0C283389}.Release|Any CPU.Build.0 = Release|Any CPU
	EndGlobalSection
	GlobalSection(SolutionProperties) = preSolution
		HideSolutionNode = FALSE
	EndGlobalSection
	GlobalSection(ExtensibilityGlobals) = postSolution
		SolutionGuid = {C5EB2106-3ADE-40EB-9E0E-9640C93A9E78}
	EndGlobalSection
EndGlobal
