
Microsoft Visual Studio Solution File, Format Version 12.00
# Visual Studio Version 17
VisualStudioVersion = 17.3.32819.101
MinimumVisualStudioVersion = 10.0.40219.1
Project("{FAE04EC0-301F-11D3-BF4B-00C04F79EFBC}") = "HelloMyCSharp04", "HelloMyCSharp04\HelloMyCSharp04.csproj", "{9E79AD40-652D-4B53-BCA2-40EEEECD8E24}"
EndProject
Global
	GlobalSection(SolutionConfigurationPlatforms) = preSolution
		Debug|Any CPU = Debug|Any CPU
		Release|Any CPU = Release|Any CPU
	EndGlobalSection
	GlobalSection(ProjectConfigurationPlatforms) = postSolution
		{9E79AD40-652D-4B53-BCA2-40EEEECD8E24}.Debug|Any CPU.ActiveCfg = Debug|Any CPU
		{9E79AD40-652D-4B53-BCA2-40EEEECD8E24}.Debug|Any CPU.Build.0 = Debug|Any CPU
		{9E79AD40-652D-4B53-BCA2-40EEEECD8E24}.Release|Any CPU.ActiveCfg = Release|Any CPU
		{9E79AD40-652D-4B53-BCA2-40EEEECD8E24}.Release|Any CPU.Build.0 = Release|Any CPU
	EndGlobalSection
	GlobalSection(SolutionProperties) = preSolution
		HideSolutionNode = FALSE
	EndGlobalSection
	GlobalSection(ExtensibilityGlobals) = postSolution
		SolutionGuid = {6762712A-7D63-4ACF-9007-58FE685C8A59}
	EndGlobalSection
EndGlobal
