
Microsoft Visual Studio Solution File, Format Version 12.00
# Visual Studio Version 17
VisualStudioVersion = 17.2.32616.157
MinimumVisualStudioVersion = 10.0.40219.1
Project("{FAE04EC0-301F-11D3-BF4B-00C04F79EFBC}") = "ParkingCarManager", "ParkingCarManager\ParkingCarManager.csproj", "{693CD444-AF3A-45C4-83DA-D48F293CE478}"
EndProject
Global
	GlobalSection(SolutionConfigurationPlatforms) = preSolution
		Debug|Any CPU = Debug|Any CPU
		Release|Any CPU = Release|Any CPU
	EndGlobalSection
	GlobalSection(ProjectConfigurationPlatforms) = postSolution
		{693CD444-AF3A-45C4-83DA-D48F293CE478}.Debug|Any CPU.ActiveCfg = Debug|Any CPU
		{693CD444-AF3A-45C4-83DA-D48F293CE478}.Debug|Any CPU.Build.0 = Debug|Any CPU
		{693CD444-AF3A-45C4-83DA-D48F293CE478}.Release|Any CPU.ActiveCfg = Release|Any CPU
		{693CD444-AF3A-45C4-83DA-D48F293CE478}.Release|Any CPU.Build.0 = Release|Any CPU
	EndGlobalSection
	GlobalSection(SolutionProperties) = preSolution
		HideSolutionNode = FALSE
	EndGlobalSection
	GlobalSection(ExtensibilityGlobals) = postSolution
		SolutionGuid = {A3CFE8E5-90E7-481B-8E85-E8B50CF1488B}
	EndGlobalSection
EndGlobal
